
Microsoft Visual Studio Solution File, Format Version 12.00
# Visual Studio Version 17
VisualStudioVersion = 17.4.33122.133
MinimumVisualStudioVersion = 10.0.40219.1
Project("{FAE04EC0-301F-11D3-BF4B-00C04F79EFBC}") = "CenterWindowsDialog", "CenterWindowsDialog\CenterWindowsDialog.csproj", "{30249F11-CA98-4FFF-890C-15CA6AC7915D}"
EndProject
Global
	GlobalSection(SolutionConfigurationPlatforms) = preSolution
		Debug|Any CPU = Debug|Any CPU
		Release|Any CPU = Release|Any CPU
	EndGlobalSection
	GlobalSection(ProjectConfigurationPlatforms) = postSolution
		{30249F11-CA98-4FFF-890C-15CA6AC7915D}.Debug|Any CPU.ActiveCfg = Debug|Any CPU
		{30249F11-CA98-4FFF-890C-15CA6AC7915D}.Debug|Any CPU.Build.0 = Debug|Any CPU
		{30249F11-CA98-4FFF-890C-15CA6AC7915D}.Release|Any CPU.ActiveCfg = Release|Any CPU
		{30249F11-CA98-4FFF-890C-15CA6AC7915D}.Release|Any CPU.Build.0 = Release|Any CPU
	EndGlobalSection
	GlobalSection(SolutionProperties) = preSolution
		HideSolutionNode = FALSE
	EndGlobalSection
	GlobalSection(ExtensibilityGlobals) = postSolution
		SolutionGuid = {E89F5AB5-9CD9-40AD-BEEB-34E23A70DB9D}
	EndGlobalSection
EndGlobal
